
Microsoft Visual Studio Solution File, Format Version 12.00
# Visual Studio Version 17
VisualStudioVersion = 17.8.34525.116
MinimumVisualStudioVersion = 10.0.40219.1
Project("{FAE04EC0-301F-11D3-BF4B-00C04F79EFBC}") = "Ej2RickMortyAPI", "Ej2RickMortyAPI\Ej2RickMortyAPI.csproj", "{012B9EAD-95EC-45C2-BA33-E846D33CA45D}"
EndProject
Global
	GlobalSection(SolutionConfigurationPlatforms) = preSolution
		Debug|Any CPU = Debug|Any CPU
		Release|Any CPU = Release|Any CPU
	EndGlobalSection
	GlobalSection(ProjectConfigurationPlatforms) = postSolution
		{012B9EAD-95EC-45C2-BA33-E846D33CA45D}.Debug|Any CPU.ActiveCfg = Debug|Any CPU
		{012B9EAD-95EC-45C2-BA33-E846D33CA45D}.Debug|Any CPU.Build.0 = Debug|Any CPU
		{012B9EAD-95EC-45C2-BA33-E846D33CA45D}.Debug|Any CPU.Deploy.0 = Debug|Any CPU
		{012B9EAD-95EC-45C2-BA33-E846D33CA45D}.Release|Any CPU.ActiveCfg = Release|Any CPU
		{012B9EAD-95EC-45C2-BA33-E846D33CA45D}.Release|Any CPU.Build.0 = Release|Any CPU
		{012B9EAD-95EC-45C2-BA33-E846D33CA45D}.Release|Any CPU.Deploy.0 = Release|Any CPU
	EndGlobalSection
	GlobalSection(SolutionProperties) = preSolution
		HideSolutionNode = FALSE
	EndGlobalSection
	GlobalSection(ExtensibilityGlobals) = postSolution
		SolutionGuid = {494393B7-4CB0-4F3A-B390-4BD8FCCD8EDF}
	EndGlobalSection
EndGlobal
